
Microsoft Visual Studio Solution File, Format Version 12.00
# Visual Studio Version 16
VisualStudioVersion = 16.0.30001.183
MinimumVisualStudioVersion = 10.0.40219.1
Project("{9A19103F-16F7-4668-BE54-9A1E7A4F7556}") = "BlazorBook.Sample.Client", "BlazorBook.Sample.Client\BlazorBook.Sample.Client.csproj", "{A6C3D8F4-6257-4337-A14F-F9FE4A5A6B28}"
EndProject
Project("{9A19103F-16F7-4668-BE54-9A1E7A4F7556}") = "BlazorBook", "BlazorBook\BlazorBook.csproj", "{55B4F1C7-B586-4FB1-AF49-03EC61327ACC}"
EndProject
Project("{FAE04EC0-301F-11D3-BF4B-00C04F79EFBC}") = "BlazorBook.Sample.Server", "BlazorBook.Sample.Server\BlazorBook.Sample.Server.csproj", "{173B1BFA-2A74-41AB-A144-524BC5F1EC27}"
EndProject
Global
	GlobalSection(SolutionConfigurationPlatforms) = preSolution
		Debug|Any CPU = Debug|Any CPU
		Release|Any CPU = Release|Any CPU
	EndGlobalSection
	GlobalSection(ProjectConfigurationPlatforms) = postSolution
		{A6C3D8F4-6257-4337-A14F-F9FE4A5A6B28}.Debug|Any CPU.ActiveCfg = Debug|Any CPU
		{A6C3D8F4-6257-4337-A14F-F9FE4A5A6B28}.Debug|Any CPU.Build.0 = Debug|Any CPU
		{A6C3D8F4-6257-4337-A14F-F9FE4A5A6B28}.Release|Any CPU.ActiveCfg = Release|Any CPU
		{A6C3D8F4-6257-4337-A14F-F9FE4A5A6B28}.Release|Any CPU.Build.0 = Release|Any CPU
		{55B4F1C7-B586-4FB1-AF49-03EC61327ACC}.Debug|Any CPU.ActiveCfg = Debug|Any CPU
		{55B4F1C7-B586-4FB1-AF49-03EC61327ACC}.Debug|Any CPU.Build.0 = Debug|Any CPU
		{55B4F1C7-B586-4FB1-AF49-03EC61327ACC}.Release|Any CPU.ActiveCfg = Release|Any CPU
		{55B4F1C7-B586-4FB1-AF49-03EC61327ACC}.Release|Any CPU.Build.0 = Release|Any CPU
		{173B1BFA-2A74-41AB-A144-524BC5F1EC27}.Debug|Any CPU.ActiveCfg = Debug|Any CPU
		{173B1BFA-2A74-41AB-A144-524BC5F1EC27}.Debug|Any CPU.Build.0 = Debug|Any CPU
		{173B1BFA-2A74-41AB-A144-524BC5F1EC27}.Release|Any CPU.ActiveCfg = Release|Any CPU
		{173B1BFA-2A74-41AB-A144-524BC5F1EC27}.Release|Any CPU.Build.0 = Release|Any CPU
	EndGlobalSection
	GlobalSection(SolutionProperties) = preSolution
		HideSolutionNode = FALSE
	EndGlobalSection
	GlobalSection(ExtensibilityGlobals) = postSolution
		SolutionGuid = {0C879955-A326-4C00-A995-76DD99A48E1C}
	EndGlobalSection
EndGlobal
